
Microsoft Visual Studio Solution File, Format Version 12.00
# Visual Studio Version 16
VisualStudioVersion = 16.0.29306.81
MinimumVisualStudioVersion = 10.0.40219.1
Project("{9A19103F-16F7-4668-BE54-9A1E7A4F7556}") = "LR_5", "LR_5.csproj", "{5291FA18-40EF-4358-8369-AFE0D185FC9A}"
EndProject
Project("{2150E333-8FDC-42A3-9474-1A3956D46DE8}") = "Solution Items", "Solution Items", "{FAB206BB-E260-4FD0-AC78-BB69EA2BB015}"
EndProject
Global
	GlobalSection(SolutionConfigurationPlatforms) = preSolution
		Debug|Any CPU = Debug|Any CPU
		Release|Any CPU = Release|Any CPU
	EndGlobalSection
	GlobalSection(ProjectConfigurationPlatforms) = postSolution
		{5291FA18-40EF-4358-8369-AFE0D185FC9A}.Debug|Any CPU.ActiveCfg = Debug|Any CPU
		{5291FA18-40EF-4358-8369-AFE0D185FC9A}.Debug|Any CPU.Build.0 = Debug|Any CPU
		{5291FA18-40EF-4358-8369-AFE0D185FC9A}.Release|Any CPU.ActiveCfg = Release|Any CPU
		{5291FA18-40EF-4358-8369-AFE0D185FC9A}.Release|Any CPU.Build.0 = Release|Any CPU
	EndGlobalSection
	GlobalSection(SolutionProperties) = preSolution
		HideSolutionNode = FALSE
	EndGlobalSection
	GlobalSection(ExtensibilityGlobals) = postSolution
		SolutionGuid = {8B05B1F0-2D96-4388-8F51-E5449EF6F969}
	EndGlobalSection
EndGlobal
